
Microsoft Visual Studio Solution File, Format Version 12.00
# Visual Studio Version 16
VisualStudioVersion = 16.0.31205.134
MinimumVisualStudioVersion = 10.0.40219.1
Project("{FAE04EC0-301F-11D3-BF4B-00C04F79EFBC}") = "CSharpExamples", "CSharpExamples\CSharpExamples.csproj", "{1FCB8816-1CC8-4391-81B4-EA5363B840EE}"
EndProject
Global
	GlobalSection(SolutionConfigurationPlatforms) = preSolution
		Debug|Any CPU = Debug|Any CPU
		Release|Any CPU = Release|Any CPU
	EndGlobalSection
	GlobalSection(ProjectConfigurationPlatforms) = postSolution
		{1FCB8816-1CC8-4391-81B4-EA5363B840EE}.Debug|Any CPU.ActiveCfg = Debug|Any CPU
		{1FCB8816-1CC8-4391-81B4-EA5363B840EE}.Debug|Any CPU.Build.0 = Debug|Any CPU
		{1FCB8816-1CC8-4391-81B4-EA5363B840EE}.Release|Any CPU.ActiveCfg = Release|Any CPU
		{1FCB8816-1CC8-4391-81B4-EA5363B840EE}.Release|Any CPU.Build.0 = Release|Any CPU
	EndGlobalSection
	GlobalSection(SolutionProperties) = preSolution
		HideSolutionNode = FALSE
	EndGlobalSection
	GlobalSection(ExtensibilityGlobals) = postSolution
		SolutionGuid = {BB95298A-734F-4A0A-BBE8-33C322A79662}
	EndGlobalSection
EndGlobal
